
Microsoft Visual Studio Solution File, Format Version 12.00
# Visual Studio 14
VisualStudioVersion = 14.0.25420.1
MinimumVisualStudioVersion = 10.0.40219.1
Project("{FAE04EC0-301F-11D3-BF4B-00C04F79EFBC}") = "Battleship", "Battleship\Battleship.csproj", "{3867F35A-F80C-4358-9F9D-0EBF5F70E07D}"
EndProject
Project("{FAE04EC0-301F-11D3-BF4B-00C04F79EFBC}") = "BattleshipTests", "BattleshipTests\BattleshipTests.csproj", "{5AEDBA09-0067-4022-BDA8-D494794B408D}"
EndProject
Global
	GlobalSection(SolutionConfigurationPlatforms) = preSolution
		Debug|Any CPU = Debug|Any CPU
		Release|Any CPU = Release|Any CPU
	EndGlobalSection
	GlobalSection(ProjectConfigurationPlatforms) = postSolution
		{3867F35A-F80C-4358-9F9D-0EBF5F70E07D}.Debug|Any CPU.ActiveCfg = Debug|Any CPU
		{3867F35A-F80C-4358-9F9D-0EBF5F70E07D}.Debug|Any CPU.Build.0 = Debug|Any CPU
		{3867F35A-F80C-4358-9F9D-0EBF5F70E07D}.Release|Any CPU.ActiveCfg = Release|Any CPU
		{3867F35A-F80C-4358-9F9D-0EBF5F70E07D}.Release|Any CPU.Build.0 = Release|Any CPU
		{5AEDBA09-0067-4022-BDA8-D494794B408D}.Debug|Any CPU.ActiveCfg = Debug|Any CPU
		{5AEDBA09-0067-4022-BDA8-D494794B408D}.Debug|Any CPU.Build.0 = Debug|Any CPU
		{5AEDBA09-0067-4022-BDA8-D494794B408D}.Release|Any CPU.ActiveCfg = Release|Any CPU
		{5AEDBA09-0067-4022-BDA8-D494794B408D}.Release|Any CPU.Build.0 = Release|Any CPU
	EndGlobalSection
	GlobalSection(SolutionProperties) = preSolution
		HideSolutionNode = FALSE
	EndGlobalSection
EndGlobal
